
Microsoft Visual Studio Solution File, Format Version 12.00
# Visual Studio Version 17
VisualStudioVersion = 17.11.35222.181
MinimumVisualStudioVersion = 10.0.40219.1
Project("{FAE04EC0-301F-11D3-BF4B-00C04F79EFBC}") = "Equipment", "Equipment\Equipment.csproj", "{3488CA93-F57F-46C0-BCE4-D53C658281F1}"
EndProject
Global
	GlobalSection(SolutionConfigurationPlatforms) = preSolution
		Debug|Any CPU = Debug|Any CPU
		Release|Any CPU = Release|Any CPU
	EndGlobalSection
	GlobalSection(ProjectConfigurationPlatforms) = postSolution
		{3488CA93-F57F-46C0-BCE4-D53C658281F1}.Debug|Any CPU.ActiveCfg = Debug|Any CPU
		{3488CA93-F57F-46C0-BCE4-D53C658281F1}.Debug|Any CPU.Build.0 = Debug|Any CPU
		{3488CA93-F57F-46C0-BCE4-D53C658281F1}.Release|Any CPU.ActiveCfg = Release|Any CPU
		{3488CA93-F57F-46C0-BCE4-D53C658281F1}.Release|Any CPU.Build.0 = Release|Any CPU
	EndGlobalSection
	GlobalSection(SolutionProperties) = preSolution
		HideSolutionNode = FALSE
	EndGlobalSection
	GlobalSection(ExtensibilityGlobals) = postSolution
		SolutionGuid = {8518481B-3B66-4B91-AF44-DBB525E37C99}
	EndGlobalSection
EndGlobal
